
Microsoft Visual Studio Solution File, Format Version 12.00
# Visual Studio 14
VisualStudioVersion = 14.0.24720.0
MinimumVisualStudioVersion = 10.0.40219.1
Project("{FAE04EC0-301F-11D3-BF4B-00C04F79EFBC}") = "EmptyApp01", "EmptyApp01\EmptyApp01.csproj", "{81C2D37D-C228-4216-8F6D-7032D5D3CFA0}"
EndProject
Global
	GlobalSection(SolutionConfigurationPlatforms) = preSolution
		Debug|ARM = Debug|ARM
		Debug|x64 = Debug|x64
		Debug|x86 = Debug|x86
		Release|ARM = Release|ARM
		Release|x64 = Release|x64
		Release|x86 = Release|x86
	EndGlobalSection
	GlobalSection(ProjectConfigurationPlatforms) = postSolution
		{81C2D37D-C228-4216-8F6D-7032D5D3CFA0}.Debug|ARM.ActiveCfg = Debug|ARM
		{81C2D37D-C228-4216-8F6D-7032D5D3CFA0}.Debug|ARM.Build.0 = Debug|ARM
		{81C2D37D-C228-4216-8F6D-7032D5D3CFA0}.Debug|ARM.Deploy.0 = Debug|ARM
		{81C2D37D-C228-4216-8F6D-7032D5D3CFA0}.Debug|x64.ActiveCfg = Debug|x64
		{81C2D37D-C228-4216-8F6D-7032D5D3CFA0}.Debug|x64.Build.0 = Debug|x64
		{81C2D37D-C228-4216-8F6D-7032D5D3CFA0}.Debug|x64.Deploy.0 = Debug|x64
		{81C2D37D-C228-4216-8F6D-7032D5D3CFA0}.Debug|x86.ActiveCfg = Debug|x86
		{81C2D37D-C228-4216-8F6D-7032D5D3CFA0}.Debug|x86.Build.0 = Debug|x86
		{81C2D37D-C228-4216-8F6D-7032D5D3CFA0}.Debug|x86.Deploy.0 = Debug|x86
		{81C2D37D-C228-4216-8F6D-7032D5D3CFA0}.Release|ARM.ActiveCfg = Release|ARM
		{81C2D37D-C228-4216-8F6D-7032D5D3CFA0}.Release|ARM.Build.0 = Release|ARM
		{81C2D37D-C228-4216-8F6D-7032D5D3CFA0}.Release|ARM.Deploy.0 = Release|ARM
		{81C2D37D-C228-4216-8F6D-7032D5D3CFA0}.Release|x64.ActiveCfg = Release|x64
		{81C2D37D-C228-4216-8F6D-7032D5D3CFA0}.Release|x64.Build.0 = Release|x64
		{81C2D37D-C228-4216-8F6D-7032D5D3CFA0}.Release|x64.Deploy.0 = Release|x64
		{81C2D37D-C228-4216-8F6D-7032D5D3CFA0}.Release|x86.ActiveCfg = Release|x86
		{81C2D37D-C228-4216-8F6D-7032D5D3CFA0}.Release|x86.Build.0 = Release|x86
		{81C2D37D-C228-4216-8F6D-7032D5D3CFA0}.Release|x86.Deploy.0 = Release|x86
	EndGlobalSection
	GlobalSection(SolutionProperties) = preSolution
		HideSolutionNode = FALSE
	EndGlobalSection
EndGlobal
